
Microsoft Visual Studio Solution File, Format Version 12.00
# Visual Studio Version 16
VisualStudioVersion = 16.0.29123.88
MinimumVisualStudioVersion = 10.0.40219.1
Project("{FAE04EC0-301F-11D3-BF4B-00C04F79EFBC}") = "ex2_20190805", "ex2_20190805\ex2_20190805.csproj", "{F3F1FF7A-0004-43B9-95A6-82BA735E98E7}"
EndProject
Project("{FAE04EC0-301F-11D3-BF4B-00C04F79EFBC}") = "ex2_20190805.Tests", "ex2_20190805.Tests\ex2_20190805.Tests.csproj", "{447BF0BA-8774-498F-9439-55D0A7338B5B}"
EndProject
Global
	GlobalSection(SolutionConfigurationPlatforms) = preSolution
		Debug|Any CPU = Debug|Any CPU
		Release|Any CPU = Release|Any CPU
	EndGlobalSection
	GlobalSection(ProjectConfigurationPlatforms) = postSolution
		{F3F1FF7A-0004-43B9-95A6-82BA735E98E7}.Debug|Any CPU.ActiveCfg = Debug|Any CPU
		{F3F1FF7A-0004-43B9-95A6-82BA735E98E7}.Debug|Any CPU.Build.0 = Debug|Any CPU
		{F3F1FF7A-0004-43B9-95A6-82BA735E98E7}.Release|Any CPU.ActiveCfg = Release|Any CPU
		{F3F1FF7A-0004-43B9-95A6-82BA735E98E7}.Release|Any CPU.Build.0 = Release|Any CPU
		{447BF0BA-8774-498F-9439-55D0A7338B5B}.Debug|Any CPU.ActiveCfg = Debug|Any CPU
		{447BF0BA-8774-498F-9439-55D0A7338B5B}.Debug|Any CPU.Build.0 = Debug|Any CPU
		{447BF0BA-8774-498F-9439-55D0A7338B5B}.Release|Any CPU.ActiveCfg = Release|Any CPU
		{447BF0BA-8774-498F-9439-55D0A7338B5B}.Release|Any CPU.Build.0 = Release|Any CPU
	EndGlobalSection
	GlobalSection(SolutionProperties) = preSolution
		HideSolutionNode = FALSE
	EndGlobalSection
	GlobalSection(ExtensibilityGlobals) = postSolution
		SolutionGuid = {E3504299-0474-454D-9737-E1DBB7776065}
	EndGlobalSection
EndGlobal
